PODS:
  - Alamofire (3.2.1)
  - DIDatepicker (0.1)
  - DLRadioButton (1.4.6)
  - HanekeSwift (0.10.1)
  - KNSemiModalViewController_hons82 (0.4.4)
  - KSToastView (0.5.6)
  - MMDrawerController (0.5.7):
    - MMDrawerController/Core (= 0.5.7)
    - MMDrawerController/MMDrawerBarButtonItem (= 0.5.7)
    - MMDrawerController/MMDrawerVisualStates (= 0.5.7)
    - MMDrawerController/Subclass (= 0.5.7)
  - MMDrawerController/Core (0.5.7)
  - MMDrawerController/MMDrawerBarButtonItem (0.5.7):
    - MMDrawerController/Core
  - MMDrawerController/MMDrawerVisualStates (0.5.7):
    - MMDrawerController/Core
  - MMDrawerController/Subclass (0.5.7):
    - MMDrawerController/Core
  - MMMaterialDesignSpinner (0.2.3)
  - THCalendarDatePicker (1.2.5):
    - KNSemiModalViewController_hons82 (~> 0.4.3)

DEPENDENCIES:
  - Alamofire (~> 3.0)
  - DIDatepicker
  - DLRadioButton (~> 1.4)
  - HanekeSwift
  - KSToastView (= 0.5.6)
  - MMDrawerController (~> 0.5.7)
  - MMMaterialDesignSpinner
  - THCalendarDatePicker (~> 1.2.5)

SPEC CHECKSUMS:
  Alamofire: f11d8624a05f5d39e0c99309b3e600a3ba64298a
  DIDatepicker: c990ce1cdc8a6169cf7eb6369cd97604864eed27
  DLRadioButton: 4005319c135297c2998781d4b3dabc5e9b9781c4
  HanekeSwift: 08e47d3d0f2899ec58e5d257beba0de619aca9e8
  KNSemiModalViewController_hons82: 22aead5ef5d8ca749bc1babb43fa7d6f14b030a3
  KSToastView: 6c6044f1e8d8a7bb5ba098886421062eabba0478
  MMDrawerController: 7a4cf8e25596bf2434e03ce50d22a8608ddee6a1
  MMMaterialDesignSpinner: 55c80b454f7928d0ed789cc3c456fa06bd6a2f16
  THCalendarDatePicker: 65c63c1814d1a27defc89f4b72ec7a1d01d5503d

COCOAPODS: 0.39.0
